
Microsoft Visual Studio Solution File, Format Version 12.00
# Visual Studio 2012
Project("{FAE04EC0-301F-11D3-BF4B-00C04F79EFBC}") = "AnimalZoo", "AnimalZoo\AnimalZoo.csproj", "{8CEAA7DF-3E54-4A01-A944-B8A043146846}"
EndProject
Global
	GlobalSection(SolutionConfigurationPlatforms) = preSolution
		Debug|Any CPU = Debug|Any CPU
		Release|Any CPU = Release|Any CPU
	EndGlobalSection
	GlobalSection(ProjectConfigurationPlatforms) = postSolution
		{8CEAA7DF-3E54-4A01-A944-B8A043146846}.Debug|Any CPU.ActiveCfg = Debug|Any CPU
		{8CEAA7DF-3E54-4A01-A944-B8A043146846}.Debug|Any CPU.Build.0 = Debug|Any CPU
		{8CEAA7DF-3E54-4A01-A944-B8A043146846}.Release|Any CPU.ActiveCfg = Release|Any CPU
		{8CEAA7DF-3E54-4A01-A944-B8A043146846}.Release|Any CPU.Build.0 = Release|Any CPU
	EndGlobalSection
EndGlobal
